
Microsoft Visual Studio Solution File, Format Version 12.00
# Visual Studio Version 17
VisualStudioVersion = 17.4.33213.308
MinimumVisualStudioVersion = 10.0.40219.1
Project("{9A19103F-16F7-4668-BE54-9A1E7A4F7556}") = "Calc", "Calc\Calc.csproj", "{1F436CF1-3D50-47B2-8E23-3127F0FB5CEF}"
EndProject
Project("{FAE04EC0-301F-11D3-BF4B-00C04F79EFBC}") = "TestProject2", "TestProject2\TestProject2.csproj", "{2DB507A8-28DB-418C-A06C-FC9B44F0BE57}"
EndProject
Global
	GlobalSection(SolutionConfigurationPlatforms) = preSolution
		Debug|Any CPU = Debug|Any CPU
		Release|Any CPU = Release|Any CPU
	EndGlobalSection
	GlobalSection(ProjectConfigurationPlatforms) = postSolution
		{1F436CF1-3D50-47B2-8E23-3127F0FB5CEF}.Debug|Any CPU.ActiveCfg = Debug|Any CPU
		{1F436CF1-3D50-47B2-8E23-3127F0FB5CEF}.Debug|Any CPU.Build.0 = Debug|Any CPU
		{1F436CF1-3D50-47B2-8E23-3127F0FB5CEF}.Release|Any CPU.ActiveCfg = Release|Any CPU
		{1F436CF1-3D50-47B2-8E23-3127F0FB5CEF}.Release|Any CPU.Build.0 = Release|Any CPU
		{2DB507A8-28DB-418C-A06C-FC9B44F0BE57}.Debug|Any CPU.ActiveCfg = Debug|Any CPU
		{2DB507A8-28DB-418C-A06C-FC9B44F0BE57}.Debug|Any CPU.Build.0 = Debug|Any CPU
		{2DB507A8-28DB-418C-A06C-FC9B44F0BE57}.Release|Any CPU.ActiveCfg = Release|Any CPU
		{2DB507A8-28DB-418C-A06C-FC9B44F0BE57}.Release|Any CPU.Build.0 = Release|Any CPU
	EndGlobalSection
	GlobalSection(SolutionProperties) = preSolution
		HideSolutionNode = FALSE
	EndGlobalSection
	GlobalSection(ExtensibilityGlobals) = postSolution
		SolutionGuid = {5CCEC0A6-A1D7-410C-B223-0304C8E78C1D}
	EndGlobalSection
EndGlobal
